
Microsoft Visual Studio Solution File, Format Version 12.00
# Visual Studio Version 16
VisualStudioVersion = 16.0.30621.155
MinimumVisualStudioVersion = 10.0.40219.1
Project("{FAE04EC0-301F-11D3-BF4B-00C04F79EFBC}") = "SampleSwagger", "SampleSwagger\SampleSwagger.csproj", "{205809BD-9CBB-4F0F-91FC-6A7F7E6C2DE9}"
EndProject
Global
	GlobalSection(SolutionConfigurationPlatforms) = preSolution
		Debug|Any CPU = Debug|Any CPU
		Release|Any CPU = Release|Any CPU
	EndGlobalSection
	GlobalSection(ProjectConfigurationPlatforms) = postSolution
		{205809BD-9CBB-4F0F-91FC-6A7F7E6C2DE9}.Debug|Any CPU.ActiveCfg = Debug|Any CPU
		{205809BD-9CBB-4F0F-91FC-6A7F7E6C2DE9}.Debug|Any CPU.Build.0 = Debug|Any CPU
		{205809BD-9CBB-4F0F-91FC-6A7F7E6C2DE9}.Release|Any CPU.ActiveCfg = Release|Any CPU
		{205809BD-9CBB-4F0F-91FC-6A7F7E6C2DE9}.Release|Any CPU.Build.0 = Release|Any CPU
	EndGlobalSection
	GlobalSection(SolutionProperties) = preSolution
		HideSolutionNode = FALSE
	EndGlobalSection
	GlobalSection(ExtensibilityGlobals) = postSolution
		SolutionGuid = {FA8C686C-DE2C-439E-822B-8F939ED91314}
	EndGlobalSection
EndGlobal
